
Microsoft Visual Studio Solution File, Format Version 12.00
# Visual Studio Version 17
VisualStudioVersion = 17.5.33516.290
MinimumVisualStudioVersion = 10.0.40219.1
Project("{FAE04EC0-301F-11D3-BF4B-00C04F79EFBC}") = "TestTask", "TestTask\TestTask.csproj", "{EC61B1BB-A7DC-4E5E-9258-93AA1DD0AF4F}"
EndProject
Global
	GlobalSection(SolutionConfigurationPlatforms) = preSolution
		Debug|Any CPU = Debug|Any CPU
		Release|Any CPU = Release|Any CPU
	EndGlobalSection
	GlobalSection(ProjectConfigurationPlatforms) = postSolution
		{EC61B1BB-A7DC-4E5E-9258-93AA1DD0AF4F}.Debug|Any CPU.ActiveCfg = Debug|Any CPU
		{EC61B1BB-A7DC-4E5E-9258-93AA1DD0AF4F}.Debug|Any CPU.Build.0 = Debug|Any CPU
		{EC61B1BB-A7DC-4E5E-9258-93AA1DD0AF4F}.Release|Any CPU.ActiveCfg = Release|Any CPU
		{EC61B1BB-A7DC-4E5E-9258-93AA1DD0AF4F}.Release|Any CPU.Build.0 = Release|Any CPU
	EndGlobalSection
	GlobalSection(SolutionProperties) = preSolution
		HideSolutionNode = FALSE
	EndGlobalSection
	GlobalSection(ExtensibilityGlobals) = postSolution
		SolutionGuid = {2ECF4535-0EC4-49A4-8478-A9E47617BE93}
	EndGlobalSection
EndGlobal
